// !$*UTF8*$!
{
	archiveVersion = 1;
	classes = {
	};
	objectVersion = 46;
	objects = {

/* Begin PBXBuildFile section */
		7332796C0CF1D7ECEB62BB4A /* libPods.a in Frameworks */ = {isa = PBXBuildFile; fileRef = CF63B709101314833FFB5C5B /* libPods.a */; };
		ED09551A1AE6ABA00007F5AB /* FIFirstTableViewCell.m in Sources */ = {isa = PBXBuildFile; fileRef = ED0955181AE6ABA00007F5AB /* FIFirstTableViewCell.m */; };
		ED09551B1AE6ABA00007F5AB /* FIFirstTableViewCell.xib in Resources */ = {isa = PBXBuildFile; fileRef = ED0955191AE6ABA00007F5AB /* FIFirstTableViewCell.xib */; };
		ED0C1F191AE7E059004CBA60 /* FIInfoViewController.m in Sources */ = {isa = PBXBuildFile; fileRef = ED0C1F171AE7E059004CBA60 /* FIInfoViewController.m */; };
		ED0C1F1A1AE7E059004CBA60 /* FIInfoViewController.xib in Resources */ = {isa = PBXBuildFile; fileRef = ED0C1F181AE7E059004CBA60 /* FIInfoViewController.xib */; };
		ED42A9FA1AE5531400EBA637 /* FIFirstViewController.m in Sources */ = {isa = PBXBuildFile; fileRef = ED42A9F81AE5531400EBA637 /* FIFirstViewController.m */; };
		ED42A9FB1AE5531400EBA637 /* FIFirstViewController.xib in Resources */ = {isa = PBXBuildFile; fileRef = ED42A9F91AE5531400EBA637 /* FIFirstViewController.xib */; };
		ED571D5A1AE504E3004820BC /* main.m in Sources */ = {isa = PBXBuildFile; fileRef = ED571D591AE504E3004820BC /* main.m */; };
		ED571D5D1AE504E3004820BC /* AppDelegate.m in Sources */ = {isa = PBXBuildFile; fileRef = ED571D5C1AE504E3004820BC /* AppDelegate.m */; };
		ED571D651AE504E3004820BC /* Images.xcassets in Resources */ = {isa = PBXBuildFile; fileRef = ED571D641AE504E3004820BC /* Images.xcassets */; };
		ED571D681AE504E3004820BC /* LaunchScreen.xib in Resources */ = {isa = PBXBuildFile; fileRef = ED571D661AE504E3004820BC /* LaunchScreen.xib */; };
		ED571D741AE504E4004820BC /* FourSquareInfoTests.m in Sources */ = {isa = PBXBuildFile; fileRef = ED571D731AE504E4004820BC /* FourSquareInfoTests.m */; };
/* End PBXBuildFile section */

/* Begin PBXContainerItemProxy section */
		ED571D6E1AE504E4004820BC /* PBXContainerItemProxy */ = {
			isa = PBXContainerItemProxy;
			containerPortal = ED571D4C1AE504E3004820BC /* Project object */;
			proxyType = 1;
			remoteGlobalIDString = ED571D531AE504E3004820BC;
			remoteInfo = FourSquareInfo;
		};
/* End PBXContainerItemProxy section */

/* Begin PBXFileReference section */
		23A5D8F4B817F86DC3B176D0 /* Pods.release.xcconfig */ = {isa = PBXFileReference; includeInIndex = 1; lastKnownFileType = text.xcconfig; name = Pods.release.xcconfig; path = "Pods/Target Support Files/Pods/Pods.release.xcconfig"; sourceTree = "<group>"; };
		7BB3DB52D01F6E2799B4FAD9 /* Pods.debug.xcconfig */ = {isa = PBXFileReference; includeInIndex = 1; lastKnownFileType = text.xcconfig; name = Pods.debug.xcconfig; path = "Pods/Target Support Files/Pods/Pods.debug.xcconfig"; sourceTree = "<group>"; };
		CF63B709101314833FFB5C5B /* libPods.a */ = {isa = PBXFileReference; explicitFileType = archive.ar; includeInIndex = 0; path = libPods.a; sourceTree = BUILT_PRODUCTS_DIR; };
		ED0955171AE6ABA00007F5AB /* FIFirstTableViewCell.h */ = {isa = PBXFileReference; fileEncoding = 4; lastKnownFileType = sourcecode.c.h; path = FIFirstTableViewCell.h; sourceTree = "<group>"; };
		ED0955181AE6ABA00007F5AB /* FIFirstTableViewCell.m */ = {isa = PBXFileReference; fileEncoding = 4; lastKnownFileType = sourcecode.c.objc; path = FIFirstTableViewCell.m; sourceTree = "<group>"; };
		ED0955191AE6ABA00007F5AB /* FIFirstTableViewCell.xib */ = {isa = PBXFileReference; fileEncoding = 4; lastKnownFileType = file.xib; path = FIFirstTableViewCell.xib; sourceTree = "<group>"; };
		ED0C1F161AE7E059004CBA60 /* FIInfoViewController.h */ = {isa = PBXFileReference; fileEncoding = 4; lastKnownFileType = sourcecode.c.h; path = FIInfoViewController.h; sourceTree = "<group>"; };
		ED0C1F171AE7E059004CBA60 /* FIInfoViewController.m */ = {isa = PBXFileReference; fileEncoding = 4; lastKnownFileType = sourcecode.c.objc; path = FIInfoViewController.m; sourceTree = "<group>"; };
		ED0C1F181AE7E059004CBA60 /* FIInfoViewController.xib */ = {isa = PBXFileReference; fileEncoding = 4; lastKnownFileType = file.xib; path = FIInfoViewController.xib; sourceTree = "<group>"; };
		ED42A9F71AE5531400EBA637 /* FIFirstViewController.h */ = {isa = PBXFileReference; fileEncoding = 4; lastKnownFileType = sourcecode.c.h; path = FIFirstViewController.h; sourceTree = "<group>"; };
		ED42A9F81AE5531400EBA637 /* FIFirstViewController.m */ = {isa = PBXFileReference; fileEncoding = 4; lastKnownFileType = sourcecode.c.objc; path = FIFirstViewController.m; sourceTree = "<group>"; };
		ED42A9F91AE5531400EBA637 /* FIFirstViewController.xib */ = {isa = PBXFileReference; fileEncoding = 4; lastKnownFileType = file.xib; path = FIFirstViewController.xib; sourceTree = "<group>"; };
		ED571D541AE504E3004820BC /* FourSquareInfo.app */ = {isa = PBXFileReference; explicitFileType = wrapper.application; includeInIndex = 0; path = FourSquareInfo.app; sourceTree = BUILT_PRODUCTS_DIR; };
		ED571D581AE504E3004820BC /* Info.plist */ = {isa = PBXFileReference; lastKnownFileType = text.plist.xml; path = Info.plist; sourceTree = "<group>"; };
		ED571D591AE504E3004820BC /* main.m */ = {isa = PBXFileReference; lastKnownFileType = sourcecode.c.objc; path = main.m; sourceTree = "<group>"; };
		ED571D5B1AE504E3004820BC /* AppDelegate.h */ = {isa = PBXFileReference; lastKnownFileType = sourcecode.c.h; path = AppDelegate.h; sourceTree = "<group>"; };
		ED571D5C1AE504E3004820BC /* AppDelegate.m */ = {isa = PBXFileReference; lastKnownFileType = sourcecode.c.objc; path = AppDelegate.m; sourceTree = "<group>"; };
		ED571D641AE504E3004820BC /* Images.xcassets */ = {isa = PBXFileReference; lastKnownFileType = folder.assetcatalog; path = Images.xcassets; sourceTree = "<group>"; };
		ED571D671AE504E3004820BC /* Base */ = {isa = PBXFileReference; lastKnownFileType = file.xib; name = Base; path = Base.lproj/LaunchScreen.xib; sourceTree = "<group>"; };
		ED571D6D1AE504E4004820BC /* FourSquareInfoTests.xctest */ = {isa = PBXFileReference; explicitFileType = wrapper.cfbundle; includeInIndex = 0; path = FourSquareInfoTests.xctest; sourceTree = BUILT_PRODUCTS_DIR; };
		ED571D721AE504E4004820BC /* Info.plist */ = {isa = PBXFileReference; lastKnownFileType = text.plist.xml; path = Info.plist; sourceTree = "<group>"; };
		ED571D731AE504E4004820BC /* FourSquareInfoTests.m */ = {isa = PBXFileReference; lastKnownFileType = sourcecode.c.objc; path = FourSquareInfoTests.m; sourceTree = "<group>"; };
		EDCF21731AE5605000E8027C /* libPods-AFNetworking.a */ = {isa = PBXFileReference; lastKnownFileType = archive.ar; name = "libPods-AFNetworking.a"; path = "Pods/../build/Debug-iphoneos/libPods-AFNetworking.a"; sourceTree = "<group>"; };
		EDCF21751AE5605E00E8027C /* CoreGraphics.framework */ = {isa = PBXFileReference; lastKnownFileType = wrapper.framework; name = CoreGraphics.framework; path = System/Library/Frameworks/CoreGraphics.framework; sourceTree = SDKROOT; };
		EDCF21771AE5607400E8027C /* Foundation.framework */ = {isa = PBXFileReference; lastKnownFileType = wrapper.framework; name = Foundation.framework; path = System/Library/Frameworks/Foundation.framework; sourceTree = SDKROOT; };
		EDCF21791AE5672600E8027C /* FourSquareInfo.pch */ = {isa = PBXFileReference; fileEncoding = 4; lastKnownFileType = sourcecode.c.h; path = FourSquareInfo.pch; sourceTree = "<group>"; };
/* End PBXFileReference section */

/* Begin PBXFrameworksBuildPhase section */
		ED571D511AE504E3004820BC /* Frameworks */ = {
			isa = PBXFrameworksBuildPhase;
			buildActionMask = 2147483647;
			files = (
				7332796C0CF1D7ECEB62BB4A /* libPods.a in Frameworks */,
			);
			runOnlyForDeploymentPostprocessing = 0;
		};
		ED571D6A1AE504E4004820BC /* Frameworks */ = {
			isa = PBXFrameworksBuildPhase;
			buildActionMask = 2147483647;
			files = (
			);
			runOnlyForDeploymentPostprocessing = 0;
		};
/* End PBXFrameworksBuildPhase section */

/* Begin PBXGroup section */
		1DC12C0F3C9D39EB6E8A580B /* Pods */ = {
			isa = PBXGroup;
			children = (
				7BB3DB52D01F6E2799B4FAD9 /* Pods.debug.xcconfig */,
				23A5D8F4B817F86DC3B176D0 /* Pods.release.xcconfig */,
			);
			name = Pods;
			sourceTree = "<group>";
		};
		87F852A470C947CBE02B7DE1 /* Frameworks */ = {
			isa = PBXGroup;
			children = (
				EDCF21771AE5607400E8027C /* Foundation.framework */,
				EDCF21751AE5605E00E8027C /* CoreGraphics.framework */,
				EDCF21731AE5605000E8027C /* libPods-AFNetworking.a */,
				CF63B709101314833FFB5C5B /* libPods.a */,
			);
			name = Frameworks;
			sourceTree = "<group>";
		};
		ED0C1F151AE7DF97004CBA60 /* InfoView */ = {
			isa = PBXGroup;
			children = (
				ED0C1F161AE7E059004CBA60 /* FIInfoViewController.h */,
				ED0C1F171AE7E059004CBA60 /* FIInfoViewController.m */,
				ED0C1F181AE7E059004CBA60 /* FIInfoViewController.xib */,
			);
			name = InfoView;
			sourceTree = "<group>";
		};
		ED571D4B1AE504E3004820BC = {
			isa = PBXGroup;
			children = (
				ED571D561AE504E3004820BC /* FourSquareInfo */,
				ED571D701AE504E4004820BC /* FourSquareInfoTests */,
				ED571D551AE504E3004820BC /* Products */,
				1DC12C0F3C9D39EB6E8A580B /* Pods */,
				87F852A470C947CBE02B7DE1 /* Frameworks */,
			);
			sourceTree = "<group>";
		};
		ED571D551AE504E3004820BC /* Products */ = {
			isa = PBXGroup;
			children = (
				ED571D541AE504E3004820BC /* FourSquareInfo.app */,
				ED571D6D1AE504E4004820BC /* FourSquareInfoTests.xctest */,
			);
			name = Products;
			sourceTree = "<group>";
		};
		ED571D561AE504E3004820BC /* FourSquareInfo */ = {
			isa = PBXGroup;
			children = (
				ED571D5B1AE504E3004820BC /* AppDelegate.h */,
				ED571D5C1AE504E3004820BC /* AppDelegate.m */,
				ED9CD0831AE6ADA20053C250 /* FirstView */,
				ED0C1F151AE7DF97004CBA60 /* InfoView */,
				ED571D641AE504E3004820BC /* Images.xcassets */,
				ED571D661AE504E3004820BC /* LaunchScreen.xib */,
				ED571D571AE504E3004820BC /* Supporting Files */,
			);
			path = FourSquareInfo;
			sourceTree = "<group>";
		};
		ED571D571AE504E3004820BC /* Supporting Files */ = {
			isa = PBXGroup;
			children = (
				ED571D581AE504E3004820BC /* Info.plist */,
				ED571D591AE504E3004820BC /* main.m */,
				EDCF21791AE5672600E8027C /* FourSquareInfo.pch */,
			);
			name = "Supporting Files";
			sourceTree = "<group>";
		};
		ED571D701AE504E4004820BC /* FourSquareInfoTests */ = {
			isa = PBXGroup;
			children = (
				ED571D731AE504E4004820BC /* FourSquareInfoTests.m */,
				ED571D711AE504E4004820BC /* Supporting Files */,
			);
			path = FourSquareInfoTests;
			sourceTree = "<group>";
		};
		ED571D711AE504E4004820BC /* Supporting Files */ = {
			isa = PBXGroup;
			children = (
				ED571D721AE504E4004820BC /* Info.plist */,
			);
			name = "Supporting Files";
			sourceTree = "<group>";
		};
		ED9CD0831AE6ADA20053C250 /* FirstView */ = {
			isa = PBXGroup;
			children = (
				ED42A9F71AE5531400EBA637 /* FIFirstViewController.h */,
				ED42A9F81AE5531400EBA637 /* FIFirstViewController.m */,
				ED42A9F91AE5531400EBA637 /* FIFirstViewController.xib */,
				ED0955171AE6ABA00007F5AB /* FIFirstTableViewCell.h */,
				ED0955181AE6ABA00007F5AB /* FIFirstTableViewCell.m */,
				ED0955191AE6ABA00007F5AB /* FIFirstTableViewCell.xib */,
			);
			name = FirstView;
			sourceTree = "<group>";
		};
/* End PBXGroup section */

/* Begin PBXNativeTarget section */
		ED571D531AE504E3004820BC /* FourSquareInfo */ = {
			isa = PBXNativeTarget;
			buildConfigurationList = ED571D771AE504E4004820BC /* Build configuration list for PBXNativeTarget "FourSquareInfo" */;
			buildPhases = (
				7E2626BFEA72A544C28793DC /* Check Pods Manifest.lock */,
				ED571D501AE504E3004820BC /* Sources */,
				ED571D511AE504E3004820BC /* Frameworks */,
				ED571D521AE504E3004820BC /* Resources */,
				E9DC8CE30EDF267C84AA1843 /* Copy Pods Resources */,
			);
			buildRules = (
			);
			dependencies = (
			);
			name = FourSquareInfo;
			productName = FourSquareInfo;
			productReference = ED571D541AE504E3004820BC /* FourSquareInfo.app */;
			productType = "com.apple.product-type.application";
		};
		ED571D6C1AE504E4004820BC /* FourSquareInfoTests */ = {
			isa = PBXNativeTarget;
			buildConfigurationList = ED571D7A1AE504E4004820BC /* Build configuration list for PBXNativeTarget "FourSquareInfoTests" */;
			buildPhases = (
				ED571D691AE504E4004820BC /* Sources */,
				ED571D6A1AE504E4004820BC /* Frameworks */,
				ED571D6B1AE504E4004820BC /* Resources */,
			);
			buildRules = (
			);
			dependencies = (
				ED571D6F1AE504E4004820BC /* PBXTargetDependency */,
			);
			name = FourSquareInfoTests;
			productName = FourSquareInfoTests;
			productReference = ED571D6D1AE504E4004820BC /* FourSquareInfoTests.xctest */;
			productType = "com.apple.product-type.bundle.unit-test";
		};
/* End PBXNativeTarget section */

/* Begin PBXProject section */
		ED571D4C1AE504E3004820BC /* Project object */ = {
			isa = PBXProject;
			attributes = {
				CLASSPREFIX = FI;
				LastUpgradeCheck = 0610;
				ORGANIZATIONNAME = "Nattapat Vongchinsri";
				TargetAttributes = {
					ED571D531AE504E3004820BC = {
						CreatedOnToolsVersion = 6.1.1;
					};
					ED571D6C1AE504E4004820BC = {
						CreatedOnToolsVersion = 6.1.1;
						TestTargetID = ED571D531AE504E3004820BC;
					};
				};
			};
			buildConfigurationList = ED571D4F1AE504E3004820BC /* Build configuration list for PBXProject "FourSquareInfo" */;
			compatibilityVersion = "Xcode 3.2";
			developmentRegion = English;
			hasScannedForEncodings = 0;
			knownRegions = (
				en,
				Base,
			);
			mainGroup = ED571D4B1AE504E3004820BC;
			productRefGroup = ED571D551AE504E3004820BC /* Products */;
			projectDirPath = "";
			projectRoot = "";
			targets = (
				ED571D531AE504E3004820BC /* FourSquareInfo */,
				ED571D6C1AE504E4004820BC /* FourSquareInfoTests */,
			);
		};
/* End PBXProject section */

/* Begin PBXResourcesBuildPhase section */
		ED571D521AE504E3004820BC /* Resources */ = {
			isa = PBXResourcesBuildPhase;
			buildActionMask = 2147483647;
			files = (
				ED571D681AE504E3004820BC /* LaunchScreen.xib in Resources */,
				ED42A9FB1AE5531400EBA637 /* FIFirstViewController.xib in Resources */,
				ED571D651AE504E3004820BC /* Images.xcassets in Resources */,
				ED0C1F1A1AE7E059004CBA60 /* FIInfoViewController.xib in Resources */,
				ED09551B1AE6ABA00007F5AB /* FIFirstTableViewCell.xib in Resources */,
			);
			runOnlyForDeploymentPostprocessing = 0;
		};
		ED571D6B1AE504E4004820BC /* Resources */ = {
			isa = PBXResourcesBuildPhase;
			buildActionMask = 2147483647;
			files = (
			);
			runOnlyForDeploymentPostprocessing = 0;
		};
/* End PBXResourcesBuildPhase section */

/* Begin PBXShellScriptBuildPhase section */
		7E2626BFEA72A544C28793DC /* Check Pods Manifest.lock */ = {
			isa = PBXShellScriptBuildPhase;
			buildActionMask = 2147483647;
			files = (
			);
			inputPaths = (
			);
			name = "Check Pods Manifest.lock";
			outputPaths = (
			);
			runOnlyForDeploymentPostprocessing = 0;
			shellPath = /bin/sh;
			shellScript = "diff \"${PODS_ROOT}/../Podfile.lock\" \"${PODS_ROOT}/Manifest.lock\" > /dev/null\nif [[ $? != 0 ]] ; then\n    cat << EOM\nerror: The sandbox is not in sync with the Podfile.lock. Run 'pod install' or update your CocoaPods installation.\nEOM\n    exit 1\nfi\n";
			showEnvVarsInLog = 0;
		};
		E9DC8CE30EDF267C84AA1843 /* Copy Pods Resources */ = {
			isa = PBXShellScriptBuildPhase;
			buildActionMask = 2147483647;
			files = (
			);
			inputPaths = (
			);
			name = "Copy Pods Resources";
			outputPaths = (
			);
			runOnlyForDeploymentPostprocessing = 0;
			shellPath = /bin/sh;
			shellScript = "\"${SRCROOT}/Pods/Target Support Files/Pods/Pods-resources.sh\"\n";
			showEnvVarsInLog = 0;
		};
/* End PBXShellScriptBuildPhase section */

/* Begin PBXSourcesBuildPhase section */
		ED571D501AE504E3004820BC /* Sources */ = {
			isa = PBXSourcesBuildPhase;
			buildActionMask = 2147483647;
			files = (
				ED42A9FA1AE5531400EBA637 /* FIFirstViewController.m in Sources */,
				ED0C1F191AE7E059004CBA60 /* FIInfoViewController.m in Sources */,
				ED571D5D1AE504E3004820BC /* AppDelegate.m in Sources */,
				ED571D5A1AE504E3004820BC /* main.m in Sources */,
				ED09551A1AE6ABA00007F5AB /* FIFirstTableViewCell.m in Sources */,
			);
			runOnlyForDeploymentPostprocessing = 0;
		};
		ED571D691AE504E4004820BC /* Sources */ = {
			isa = PBXSourcesBuildPhase;
			buildActionMask = 2147483647;
			files = (
				ED571D741AE504E4004820BC /* FourSquareInfoTests.m in Sources */,
			);
			runOnlyForDeploymentPostprocessing = 0;
		};
/* End PBXSourcesBuildPhase section */

/* Begin PBXTargetDependency section */
		ED571D6F1AE504E4004820BC /* PBXTargetDependency */ = {
			isa = PBXTargetDependency;
			target = ED571D531AE504E3004820BC /* FourSquareInfo */;
			targetProxy = ED571D6E1AE504E4004820BC /* PBXContainerItemProxy */;
		};
/* End PBXTargetDependency section */

/* Begin PBXVariantGroup section */
		ED571D661AE504E3004820BC /* LaunchScreen.xib */ = {
			isa = PBXVariantGroup;
			children = (
				ED571D671AE504E3004820BC /* Base */,
			);
			name = LaunchScreen.xib;
			sourceTree = "<group>";
		};
/* End PBXVariantGroup section */

/* Begin XCBuildConfiguration section */
		ED571D751AE504E4004820BC /* Debug */ = {
			isa = XCBuildConfiguration;
			buildSettings = {
				ALWAYS_SEARCH_USER_PATHS = NO;
				CLANG_CXX_LANGUAGE_STANDARD = "gnu++0x";
				CLANG_CXX_LIBRARY = "libc++";
				CLANG_ENABLE_MODULES = YES;
				CLANG_ENABLE_OBJC_ARC = YES;
				CLANG_WARN_BOOL_CONVERSION = YES;
				CLANG_WARN_CONSTANT_CONVERSION = YES;
				CLANG_WARN_DIRECT_OBJC_ISA_USAGE = YES_ERROR;
				CLANG_WARN_EMPTY_BODY = YES;
				CLANG_WARN_ENUM_CONVERSION = YES;
				CLANG_WARN_INT_CONVERSION = YES;
				CLANG_WARN_OBJC_ROOT_CLASS = YES_ERROR;
				CLANG_WARN_UNREACHABLE_CODE = YES;
				CLANG_WARN__DUPLICATE_METHOD_MATCH = YES;
				"CODE_SIGN_IDENTITY[sdk=iphoneos*]" = "iPhone Developer";
				COPY_PHASE_STRIP = NO;
				ENABLE_STRICT_OBJC_MSGSEND = YES;
				GCC_C_LANGUAGE_STANDARD = gnu99;
				GCC_DYNAMIC_NO_PIC = NO;
				GCC_OPTIMIZATION_LEVEL = 0;
				GCC_PREPROCESSOR_DEFINITIONS = (
					"DEBUG=1",
					"$(inherited)",
				);
				GCC_SYMBOLS_PRIVATE_EXTERN = NO;
				GCC_WARN_64_TO_32_BIT_CONVERSION = YES;
				GCC_WARN_ABOUT_RETURN_TYPE = YES_ERROR;
				GCC_WARN_UNDECLARED_SELECTOR = YES;
				GCC_WARN_UNINITIALIZED_AUTOS = YES_AGGRESSIVE;
				GCC_WARN_UNUSED_FUNCTION = YES;
				GCC_WARN_UNUSED_VARIABLE = YES;
				IPHONEOS_DEPLOYMENT_TARGET = 8.1;
				MTL_ENABLE_DEBUG_INFO = YES;
				ONLY_ACTIVE_ARCH = YES;
				SDKROOT = iphoneos;
			};
			name = Debug;
		};
		ED571D761AE504E4004820BC /* Release */ = {
			isa = XCBuildConfiguration;
			buildSettings = {
				ALWAYS_SEARCH_USER_PATHS = NO;
				CLANG_CXX_LANGUAGE_STANDARD = "gnu++0x";
				CLANG_CXX_LIBRARY = "libc++";
				CLANG_ENABLE_MODULES = YES;
				CLANG_ENABLE_OBJC_ARC = YES;
				CLANG_WARN_BOOL_CONVERSION = YES;
				CLANG_WARN_CONSTANT_CONVERSION = YES;
				CLANG_WARN_DIRECT_OBJC_ISA_USAGE = YES_ERROR;
				CLANG_WARN_EMPTY_BODY = YES;
				CLANG_WARN_ENUM_CONVERSION = YES;
				CLANG_WARN_INT_CONVERSION = YES;
				CLANG_WARN_OBJC_ROOT_CLASS = YES_ERROR;
				CLANG_WARN_UNREACHABLE_CODE = YES;
				CLANG_WARN__DUPLICATE_METHOD_MATCH = YES;
				"CODE_SIGN_IDENTITY[sdk=iphoneos*]" = "iPhone Developer";
				COPY_PHASE_STRIP = YES;
				ENABLE_NS_ASSERTIONS = NO;
				ENABLE_STRICT_OBJC_MSGSEND = YES;
				GCC_C_LANGUAGE_STANDARD = gnu99;
				GCC_WARN_64_TO_32_BIT_CONVERSION = YES;
				GCC_WARN_ABOUT_RETURN_TYPE = YES_ERROR;
				GCC_WARN_UNDECLARED_SELECTOR = YES;
				GCC_WARN_UNINITIALIZED_AUTOS = YES_AGGRESSIVE;
				GCC_WARN_UNUSED_FUNCTION = YES;
				GCC_WARN_UNUSED_VARIABLE = YES;
				IPHONEOS_DEPLOYMENT_TARGET = 8.1;
				MTL_ENABLE_DEBUG_INFO = NO;
				SDKROOT = iphoneos;
				VALIDATE_PRODUCT = YES;
			};
			name = Release;
		};
		ED571D781AE504E4004820BC /* Debug */ = {
			isa = XCBuildConfiguration;
			baseConfigurationReference = 7BB3DB52D01F6E2799B4FAD9 /* Pods.debug.xcconfig */;
			buildSettings = {
				ALWAYS_SEARCH_USER_PATHS = NO;
				ASSETCATALOG_COMPILER_APPICON_NAME = AppIcon;
				GCC_PRECOMPILE_PREFIX_HEADER = YES;
				GCC_PREFIX_HEADER = FourSquareInfo/FourSquareInfo.pch;
				INFOPLIST_FILE = FourSquareInfo/Info.plist;
				LD_RUNPATH_SEARCH_PATHS = "$(inherited) @executable_path/Frameworks";
				LIBRARY_SEARCH_PATHS = (
					"$(inherited)",
					"$(PROJECT_DIR)/build/Debug-iphoneos",
				);
				PRODUCT_NAME = "$(TARGET_NAME)";
			};
			name = Debug;
		};
		ED571D791AE504E4004820BC /* Release */ = {
			isa = XCBuildConfiguration;
			baseConfigurationReference = 23A5D8F4B817F86DC3B176D0 /* Pods.release.xcconfig */;
			buildSettings = {
				ALWAYS_SEARCH_USER_PATHS = NO;
				ASSETCATALOG_COMPILER_APPICON_NAME = AppIcon;
				GCC_PRECOMPILE_PREFIX_HEADER = YES;
				GCC_PREFIX_HEADER = FourSquareInfo/FourSquareInfo.pch;
				INFOPLIST_FILE = FourSquareInfo/Info.plist;
				LD_RUNPATH_SEARCH_PATHS = "$(inherited) @executable_path/Frameworks";
				LIBRARY_SEARCH_PATHS = (
					"$(inherited)",
					"$(PROJECT_DIR)/build/Debug-iphoneos",
				);
				PRODUCT_NAME = "$(TARGET_NAME)";
			};
			name = Release;
		};
		ED571D7B1AE504E4004820BC /* Debug */ = {
			isa = XCBuildConfiguration;
			buildSettings = {
				BUNDLE_LOADER = "$(TEST_HOST)";
				FRAMEWORK_SEARCH_PATHS = (
					"$(SDKROOT)/Developer/Library/Frameworks",
					"$(inherited)",
				);
				GCC_PREPROCESSOR_DEFINITIONS = (
					"DEBUG=1",
					"$(inherited)",
				);
				INFOPLIST_FILE = FourSquareInfoTests/Info.plist;
				LD_RUNPATH_SEARCH_PATHS = "$(inherited) @executable_path/Frameworks @loader_path/Frameworks";
				PRODUCT_NAME = "$(TARGET_NAME)";
				TEST_HOST = "$(BUILT_PRODUCTS_DIR)/FourSquareInfo.app/FourSquareInfo";
			};
			name = Debug;
		};
		ED571D7C1AE504E4004820BC /* Release */ = {
			isa = XCBuildConfiguration;
			buildSettings = {
				BUNDLE_LOADER = "$(TEST_HOST)";
				FRAMEWORK_SEARCH_PATHS = (
					"$(SDKROOT)/Developer/Library/Frameworks",
					"$(inherited)",
				);
				INFOPLIST_FILE = FourSquareInfoTests/Info.plist;
				LD_RUNPATH_SEARCH_PATHS = "$(inherited) @executable_path/Frameworks @loader_path/Frameworks";
				PRODUCT_NAME = "$(TARGET_NAME)";
				TEST_HOST = "$(BUILT_PRODUCTS_DIR)/FourSquareInfo.app/FourSquareInfo";
			};
			name = Release;
		};
/* End XCBuildConfiguration section */

/* Begin XCConfigurationList section */
		ED571D4F1AE504E3004820BC /* Build configuration list for PBXProject "FourSquareInfo" */ = {
			isa = XCConfigurationList;
			buildConfigurations = (
				ED571D751AE504E4004820BC /* Debug */,
				ED571D761AE504E4004820BC /* Release */,
			);
			defaultConfigurationIsVisible = 0;
			defaultConfigurationName = Release;
		};
		ED571D771AE504E4004820BC /* Build configuration list for PBXNativeTarget "FourSquareInfo" */ = {
			isa = XCConfigurationList;
			buildConfigurations = (
				ED571D781AE504E4004820BC /* Debug */,
				ED571D791AE504E4004820BC /* Release */,
			);
			defaultConfigurationIsVisible = 0;
			defaultConfigurationName = Release;
		};
		ED571D7A1AE504E4004820BC /* Build configuration list for PBXNativeTarget "FourSquareInfoTests" */ = {
			isa = XCConfigurationList;
			buildConfigurations = (
				ED571D7B1AE504E4004820BC /* Debug */,
				ED571D7C1AE504E4004820BC /* Release */,
			);
			defaultConfigurationIsVisible = 0;
			defaultConfigurationName = Release;
		};
/* End XCConfigurationList section */
	};
	rootObject = ED571D4C1AE504E3004820BC /* Project object */;
}
